// !$*UTF8*$!
{
	archiveVersion = 1;
	classes = {
	};
	objectVersion = 50;
	objects = {

/* Begin PBXBuildFile section */
		C7A532F521D3B0A000C1CE62 /* ViewController_A.swift in Sources */ = {isa = PBXBuildFile; fileRef = C7A532F421D3B0A000C1CE62 /* ViewController_A.swift */; };
		C7A532F721D3B0E000C1CE62 /* ViewController_B.swift in Sources */ = {isa = PBXBuildFile; fileRef = C7A532F621D3B0E000C1CE62 /* ViewController_B.swift */; };
		C7D1896121CA456F00BB4623 /* AppDelegate.swift in Sources */ = {isa = PBXBuildFile; fileRef = C7D1896021CA456F00BB4623 /* AppDelegate.swift */; };
		C7D1896321CA457000BB4623 /* ViewController.swift in Sources */ = {isa = PBXBuildFile; fileRef = C7D1896221CA457000BB4623 /* ViewController.swift */; };
		C7D1896621CA457000BB4623 /* Main.storyboard in Resources */ = {isa = PBXBuildFile; fileRef = C7D1896421CA457000BB4623 /* Main.storyboard */; };
		C7D1896821CA457200BB4623 /* Assets.xcassets in Resources */ = {isa = PBXBuildFile; fileRef = C7D1896721CA457200BB4623 /* Assets.xcassets */; };
		C7D1896B21CA457200BB4623 /* LaunchScreen.storyboard in Resources */ = {isa = PBXBuildFile; fileRef = C7D1896921CA457200BB4623 /* LaunchScreen.storyboard */; };
		C7D1897621CA457200BB4623 /* TestTests.swift in Sources */ = {isa = PBXBuildFile; fileRef = C7D1897521CA457200BB4623 /* TestTests.swift */; };
/* End PBXBuildFile section */

/* Begin PBXContainerItemProxy section */
		C7D1897221CA457200BB4623 /* PBXContainerItemProxy */ = {
			isa = PBXContainerItemProxy;
			containerPortal = C7D1895521CA456F00BB4623 /* Project object */;
			proxyType = 1;
			remoteGlobalIDString = C7D1895C21CA456F00BB4623;
			remoteInfo = Test;
		};
/* End PBXContainerItemProxy section */

/* Begin PBXFileReference section */
		C7A532F421D3B0A000C1CE62 /* ViewController_A.swift */ = {isa = PBXFileReference; lastKnownFileType = sourcecode.swift; path = ViewController_A.swift; sourceTree = "<group>"; };
		C7A532F621D3B0E000C1CE62 /* ViewController_B.swift */ = {isa = PBXFileReference; lastKnownFileType = sourcecode.swift; path = ViewController_B.swift; sourceTree = "<group>"; };
		C7D1895D21CA456F00BB4623 /* Test.app */ = {isa = PBXFileReference; explicitFileType = wrapper.application; includeInIndex = 0; path = Test.app; sourceTree = BUILT_PRODUCTS_DIR; };
		C7D1896021CA456F00BB4623 /* AppDelegate.swift */ = {isa = PBXFileReference; lastKnownFileType = sourcecode.swift; path = AppDelegate.swift; sourceTree = "<group>"; };
		C7D1896221CA457000BB4623 /* ViewController.swift */ = {isa = PBXFileReference; lastKnownFileType = sourcecode.swift; path = ViewController.swift; sourceTree = "<group>"; };
		C7D1896521CA457000BB4623 /* Base */ = {isa = PBXFileReference; lastKnownFileType = file.storyboard; name = Base; path = Base.lproj/Main.storyboard; sourceTree = "<group>"; };
		C7D1896721CA457200BB4623 /* Assets.xcassets */ = {isa = PBXFileReference; lastKnownFileType = folder.assetcatalog; path = Assets.xcassets; sourceTree = "<group>"; };
		C7D1896A21CA457200BB4623 /* Base */ = {isa = PBXFileReference; lastKnownFileType = file.storyboard; name = Base; path = Base.lproj/LaunchScreen.storyboard; sourceTree = "<group>"; };
		C7D1896C21CA457200BB4623 /* Info.plist */ = {isa = PBXFileReference; lastKnownFileType = text.plist.xml; path = Info.plist; sourceTree = "<group>"; };
		C7D1897121CA457200BB4623 /* TestTests.xctest */ = {isa = PBXFileReference; explicitFileType = wrapper.cfbundle; includeInIndex = 0; path = TestTests.xctest; sourceTree = BUILT_PRODUCTS_DIR; };
		C7D1897521CA457200BB4623 /* TestTests.swift */ = {isa = PBXFileReference; lastKnownFileType = sourcecode.swift; path = TestTests.swift; sourceTree = "<group>"; };
		C7D1897721CA457200BB4623 /* Info.plist */ = {isa = PBXFileReference; lastKnownFileType = text.plist.xml; path = Info.plist; sourceTree = "<group>"; };
/* End PBXFileReference section */

/* Begin PBXFrameworksBuildPhase section */
		C7D1895A21CA456F00BB4623 /* Frameworks */ = {
			isa = PBXFrameworksBuildPhase;
			buildActionMask = 2147483647;
			files = (
			);
			runOnlyForDeploymentPostprocessing = 0;
		};
		C7D1896E21CA457200BB4623 /* Frameworks */ = {
			isa = PBXFrameworksBuildPhase;
			buildActionMask = 2147483647;
			files = (
			);
			runOnlyForDeploymentPostprocessing = 0;
		};
/* End PBXFrameworksBuildPhase section */

/* Begin PBXGroup section */
		C7D1895421CA456F00BB4623 = {
			isa = PBXGroup;
			children = (
				C7D1895F21CA456F00BB4623 /* Test */,
				C7D1897421CA457200BB4623 /* TestTests */,
				C7D1895E21CA456F00BB4623 /* Products */,
			);
			sourceTree = "<group>";
		};
		C7D1895E21CA456F00BB4623 /* Products */ = {
			isa = PBXGroup;
			children = (
				C7D1895D21CA456F00BB4623 /* Test.app */,
				C7D1897121CA457200BB4623 /* TestTests.xctest */,
			);
			name = Products;
			sourceTree = "<group>";
		};
		C7D1895F21CA456F00BB4623 /* Test */ = {
			isa = PBXGroup;
			children = (
				C7D1896021CA456F00BB4623 /* AppDelegate.swift */,
				C7D1896221CA457000BB4623 /* ViewController.swift */,
				C7D1896421CA457000BB4623 /* Main.storyboard */,
				C7D1896721CA457200BB4623 /* Assets.xcassets */,
				C7D1896921CA457200BB4623 /* LaunchScreen.storyboard */,
				C7D1896C21CA457200BB4623 /* Info.plist */,
				C7A532F421D3B0A000C1CE62 /* ViewController_A.swift */,
				C7A532F621D3B0E000C1CE62 /* ViewController_B.swift */,
			);
			path = Test;
			sourceTree = "<group>";
		};
		C7D1897421CA457200BB4623 /* TestTests */ = {
			isa = PBXGroup;
			children = (
				C7D1897521CA457200BB4623 /* TestTests.swift */,
				C7D1897721CA457200BB4623 /* Info.plist */,
			);
			path = TestTests;
			sourceTree = "<group>";
		};
/* End PBXGroup section */

/* Begin PBXNativeTarget section */
		C7D1895C21CA456F00BB4623 /* Test */ = {
			isa = PBXNativeTarget;
			buildConfigurationList = C7D1897A21CA457200BB4623 /* Build configuration list for PBXNativeTarget "Test" */;
			buildPhases = (
				C7D1895921CA456F00BB4623 /* Sources */,
				C7D1895A21CA456F00BB4623 /* Frameworks */,
				C7D1895B21CA456F00BB4623 /* Resources */,
			);
			buildRules = (
			);
			dependencies = (
			);
			name = Test;
			productName = Test;
			productReference = C7D1895D21CA456F00BB4623 /* Test.app */;
			productType = "com.apple.product-type.application";
		};
		C7D1897021CA457200BB4623 /* TestTests */ = {
			isa = PBXNativeTarget;
			buildConfigurationList = C7D1897D21CA457200BB4623 /* Build configuration list for PBXNativeTarget "TestTests" */;
			buildPhases = (
				C7D1896D21CA457200BB4623 /* Sources */,
				C7D1896E21CA457200BB4623 /* Frameworks */,
				C7D1896F21CA457200BB4623 /* Resources */,
			);
			buildRules = (
			);
			dependencies = (
				C7D1897321CA457200BB4623 /* PBXTargetDependency */,
			);
			name = TestTests;
			productName = TestTests;
			productReference = C7D1897121CA457200BB4623 /* TestTests.xctest */;
			productType = "com.apple.product-type.bundle.unit-test";
		};
/* End PBXNativeTarget section */

/* Begin PBXProject section */
		C7D1895521CA456F00BB4623 /* Project object */ = {
			isa = PBXProject;
			attributes = {
				LastSwiftUpdateCheck = 1010;
				LastUpgradeCheck = 1010;
				ORGANIZATIONNAME = "Gurunath Allapure";
				TargetAttributes = {
					C7D1895C21CA456F00BB4623 = {
						CreatedOnToolsVersion = 10.1;
					};
					C7D1897021CA457200BB4623 = {
						CreatedOnToolsVersion = 10.1;
						TestTargetID = C7D1895C21CA456F00BB4623;
					};
				};
			};
			buildConfigurationList = C7D1895821CA456F00BB4623 /* Build configuration list for PBXProject "Test" */;
			compatibilityVersion = "Xcode 9.3";
			developmentRegion = en;
			hasScannedForEncodings = 0;
			knownRegions = (
				en,
				Base,
			);
			mainGroup = C7D1895421CA456F00BB4623;
			productRefGroup = C7D1895E21CA456F00BB4623 /* Products */;
			projectDirPath = "";
			projectRoot = "";
			targets = (
				C7D1895C21CA456F00BB4623 /* Test */,
				C7D1897021CA457200BB4623 /* TestTests */,
			);
		};
/* End PBXProject section */

/* Begin PBXResourcesBuildPhase section */
		C7D1895B21CA456F00BB4623 /* Resources */ = {
			isa = PBXResourcesBuildPhase;
			buildActionMask = 2147483647;
			files = (
				C7D1896B21CA457200BB4623 /* LaunchScreen.storyboard in Resources */,
				C7D1896821CA457200BB4623 /* Assets.xcassets in Resources */,
				C7D1896621CA457000BB4623 /* Main.storyboard in Resources */,
			);
			runOnlyForDeploymentPostprocessing = 0;
		};
		C7D1896F21CA457200BB4623 /* Resources */ = {
			isa = PBXResourcesBuildPhase;
			buildActionMask = 2147483647;
			files = (
			);
			runOnlyForDeploymentPostprocessing = 0;
		};
/* End PBXResourcesBuildPhase section */

/* Begin PBXSourcesBuildPhase section */
		C7D1895921CA456F00BB4623 /* Sources */ = {
			isa = PBXSourcesBuildPhase;
			buildActionMask = 2147483647;
			files = (
				C7D1896321CA457000BB4623 /* ViewController.swift in Sources */,
				C7A532F721D3B0E000C1CE62 /* ViewController_B.swift in Sources */,
				C7A532F521D3B0A000C1CE62 /* ViewController_A.swift in Sources */,
				C7D1896121CA456F00BB4623 /* AppDelegate.swift in Sources */,
			);
			runOnlyForDeploymentPostprocessing = 0;
		};
		C7D1896D21CA457200BB4623 /* Sources */ = {
			isa = PBXSourcesBuildPhase;
			buildActionMask = 2147483647;
			files = (
				C7D1897621CA457200BB4623 /* TestTests.swift in Sources */,
			);
			runOnlyForDeploymentPostprocessing = 0;
		};
/* End PBXSourcesBuildPhase section */

/* Begin PBXTargetDependency section */
		C7D1897321CA457200BB4623 /* PBXTargetDependency */ = {
			isa = PBXTargetDependency;
			target = C7D1895C21CA456F00BB4623 /* Test */;
			targetProxy = C7D1897221CA457200BB4623 /* PBXContainerItemProxy */;
		};
/* End PBXTargetDependency section */

/* Begin PBXVariantGroup section */
		C7D1896421CA457000BB4623 /* Main.storyboard */ = {
			isa = PBXVariantGroup;
			children = (
				C7D1896521CA457000BB4623 /* Base */,
			);
			name = Main.storyboard;
			sourceTree = "<group>";
		};
		C7D1896921CA457200BB4623 /* LaunchScreen.storyboard */ = {
			isa = PBXVariantGroup;
			children = (
				C7D1896A21CA457200BB4623 /* Base */,
			);
			name = LaunchScreen.storyboard;
			sourceTree = "<group>";
		};
/* End PBXVariantGroup section */

/* Begin XCBuildConfiguration section */
		C7D1897821CA457200BB4623 /* Debug */ = {
			isa = XCBuildConfiguration;
			buildSettings = {
				ALWAYS_SEARCH_USER_PATHS = NO;
				CLANG_ANALYZER_NONNULL = YES;
				CLANG_ANALYZER_NUMBER_OBJECT_CONVERSION = YES_AGGRESSIVE;
				CLANG_CXX_LANGUAGE_STANDARD = "gnu++14";
				CLANG_CXX_LIBRARY = "libc++";
				CLANG_ENABLE_MODULES = YES;
				CLANG_ENABLE_OBJC_ARC = YES;
				CLANG_ENABLE_OBJC_WEAK = YES;
				CLANG_WARN_BLOCK_CAPTURE_AUTORELEASING = YES;
				CLANG_WARN_BOOL_CONVERSION = YES;
				CLANG_WARN_COMMA = YES;
				CLANG_WARN_CONSTANT_CONVERSION = YES;
				CLANG_WARN_DEPRECATED_OBJC_IMPLEMENTATIONS = YES;
				CLANG_WARN_DIRECT_OBJC_ISA_USAGE = YES_ERROR;
				CLANG_WARN_DOCUMENTATION_COMMENTS = YES;
				CLANG_WARN_EMPTY_BODY = YES;
				CLANG_WARN_ENUM_CONVERSION = YES;
				CLANG_WARN_INFINITE_RECURSION = YES;
				CLANG_WARN_INT_CONVERSION = YES;
				CLANG_WARN_NON_LITERAL_NULL_CONVERSION = YES;
				CLANG_WARN_OBJC_IMPLICIT_RETAIN_SELF = YES;
				CLANG_WARN_OBJC_LITERAL_CONVERSION = YES;
				CLANG_WARN_OBJC_ROOT_CLASS = YES_ERROR;
				CLANG_WARN_RANGE_LOOP_ANALYSIS = YES;
				CLANG_WARN_STRICT_PROTOTYPES = YES;
				CLANG_WARN_SUSPICIOUS_MOVE = YES;
				CLANG_WARN_UNGUARDED_AVAILABILITY = YES_AGGRESSIVE;
				CLANG_WARN_UNREACHABLE_CODE = YES;
				CLANG_WARN__DUPLICATE_METHOD_MATCH = YES;
				CODE_SIGN_IDENTITY = "iPhone Developer";
				COPY_PHASE_STRIP = NO;
				DEBUG_INFORMATION_FORMAT = dwarf;
				ENABLE_STRICT_OBJC_MSGSEND = YES;
				ENABLE_TESTABILITY = YES;
				GCC_C_LANGUAGE_STANDARD = gnu11;
				GCC_DYNAMIC_NO_PIC = NO;
				GCC_NO_COMMON_BLOCKS = YES;
				GCC_OPTIMIZATION_LEVEL = 0;
				GCC_PREPROCESSOR_DEFINITIONS = (
					"DEBUG=1",
					"$(inherited)",
				);
				GCC_WARN_64_TO_32_BIT_CONVERSION = YES;
				GCC_WARN_ABOUT_RETURN_TYPE = YES_ERROR;
				GCC_WARN_UNDECLARED_SELECTOR = YES;
				GCC_WARN_UNINITIALIZED_AUTOS = YES_AGGRESSIVE;
				GCC_WARN_UNUSED_FUNCTION = YES;
				GCC_WARN_UNUSED_VARIABLE = YES;
				IPHONEOS_DEPLOYMENT_TARGET = 12.1;
				MTL_ENABLE_DEBUG_INFO = INCLUDE_SOURCE;
				MTL_FAST_MATH = YES;
				ONLY_ACTIVE_ARCH = YES;
				SDKROOT = iphoneos;
				SWIFT_ACTIVE_COMPILATION_CONDITIONS = DEBUG;
				SWIFT_OPTIMIZATION_LEVEL = "-Onone";
			};
			name = Debug;
		};
		C7D1897921CA457200BB4623 /* Release */ = {
			isa = XCBuildConfiguration;
			buildSettings = {
				ALWAYS_SEARCH_USER_PATHS = NO;
				CLANG_ANALYZER_NONNULL = YES;
				CLANG_ANALYZER_NUMBER_OBJECT_CONVERSION = YES_AGGRESSIVE;
				CLANG_CXX_LANGUAGE_STANDARD = "gnu++14";
				CLANG_CXX_LIBRARY = "libc++";
				CLANG_ENABLE_MODULES = YES;
				CLANG_ENABLE_OBJC_ARC = YES;
				CLANG_ENABLE_OBJC_WEAK = YES;
				CLANG_WARN_BLOCK_CAPTURE_AUTORELEASING = YES;
				CLANG_WARN_BOOL_CONVERSION = YES;
				CLANG_WARN_COMMA = YES;
				CLANG_WARN_CONSTANT_CONVERSION = YES;
				CLANG_WARN_DEPRECATED_OBJC_IMPLEMENTATIONS = YES;
				CLANG_WARN_DIRECT_OBJC_ISA_USAGE = YES_ERROR;
				CLANG_WARN_DOCUMENTATION_COMMENTS = YES;
				CLANG_WARN_EMPTY_BODY = YES;
				CLANG_WARN_ENUM_CONVERSION = YES;
				CLANG_WARN_INFINITE_RECURSION = YES;
				CLANG_WARN_INT_CONVERSION = YES;
				CLANG_WARN_NON_LITERAL_NULL_CONVERSION = YES;
				CLANG_WARN_OBJC_IMPLICIT_RETAIN_SELF = YES;
				CLANG_WARN_OBJC_LITERAL_CONVERSION = YES;
				CLANG_WARN_OBJC_ROOT_CLASS = YES_ERROR;
				CLANG_WARN_RANGE_LOOP_ANALYSIS = YES;
				CLANG_WARN_STRICT_PROTOTYPES = YES;
				CLANG_WARN_SUSPICIOUS_MOVE = YES;
				CLANG_WARN_UNGUARDED_AVAILABILITY = YES_AGGRESSIVE;
				CLANG_WARN_UNREACHABLE_CODE = YES;
				CLANG_WARN__DUPLICATE_METHOD_MATCH = YES;
				CODE_SIGN_IDENTITY = "iPhone Developer";
				COPY_PHASE_STRIP = NO;
				DEBUG_INFORMATION_FORMAT = "dwarf-with-dsym";
				ENABLE_NS_ASSERTIONS = NO;
				ENABLE_STRICT_OBJC_MSGSEND = YES;
				GCC_C_LANGUAGE_STANDARD = gnu11;
				GCC_NO_COMMON_BLOCKS = YES;
				GCC_WARN_64_TO_32_BIT_CONVERSION = YES;
				GCC_WARN_ABOUT_RETURN_TYPE = YES_ERROR;
				GCC_WARN_UNDECLARED_SELECTOR = YES;
				GCC_WARN_UNINITIALIZED_AUTOS = YES_AGGRESSIVE;
				GCC_WARN_UNUSED_FUNCTION = YES;
				GCC_WARN_UNUSED_VARIABLE = YES;
				IPHONEOS_DEPLOYMENT_TARGET = 12.1;
				MTL_ENABLE_DEBUG_INFO = NO;
				MTL_FAST_MATH = YES;
				SDKROOT = iphoneos;
				SWIFT_COMPILATION_MODE = wholemodule;
				SWIFT_OPTIMIZATION_LEVEL = "-O";
				VALIDATE_PRODUCT = YES;
			};
			name = Release;
		};
		C7D1897B21CA457200BB4623 /* Debug */ = {
			isa = XCBuildConfiguration;
			buildSettings = {
				ASSETCATALOG_COMPILER_APPICON_NAME = AppIcon;
				CODE_SIGN_STYLE = Automatic;
				INFOPLIST_FILE = Test/Info.plist;
				LD_RUNPATH_SEARCH_PATHS = (
					"$(inherited)",
					"@executable_path/Frameworks",
				);
				PRODUCT_BUNDLE_IDENTIFIER = com.globant.Demo.Test;
				PRODUCT_NAME = "$(TARGET_NAME)";
				SWIFT_VERSION = 4.2;
				TARGETED_DEVICE_FAMILY = "1,2";
			};
			name = Debug;
		};
		C7D1897C21CA457200BB4623 /* Release */ = {
			isa = XCBuildConfiguration;
			buildSettings = {
				ASSETCATALOG_COMPILER_APPICON_NAME = AppIcon;
				CODE_SIGN_STYLE = Automatic;
				INFOPLIST_FILE = Test/Info.plist;
				LD_RUNPATH_SEARCH_PATHS = (
					"$(inherited)",
					"@executable_path/Frameworks",
				);
				PRODUCT_BUNDLE_IDENTIFIER = com.globant.Demo.Test;
				PRODUCT_NAME = "$(TARGET_NAME)";
				SWIFT_VERSION = 4.2;
				TARGETED_DEVICE_FAMILY = "1,2";
			};
			name = Release;
		};
		C7D1897E21CA457200BB4623 /* Debug */ = {
			isa = XCBuildConfiguration;
			buildSettings = {
				ALWAYS_EMBED_SWIFT_STANDARD_LIBRARIES = YES;
				BUNDLE_LOADER = "$(TEST_HOST)";
				CODE_SIGN_STYLE = Automatic;
				INFOPLIST_FILE = TestTests/Info.plist;
				LD_RUNPATH_SEARCH_PATHS = (
					"$(inherited)",
					"@executable_path/Frameworks",
					"@loader_path/Frameworks",
				);
				PRODUCT_BUNDLE_IDENTIFIER = com.globant.Demo.TestTests;
				PRODUCT_NAME = "$(TARGET_NAME)";
				SWIFT_VERSION = 4.2;
				TARGETED_DEVICE_FAMILY = "1,2";
				TEST_HOST = "$(BUILT_PRODUCTS_DIR)/Test.app/Test";
			};
			name = Debug;
		};
		C7D1897F21CA457200BB4623 /* Release */ = {
			isa = XCBuildConfiguration;
			buildSettings = {
				ALWAYS_EMBED_SWIFT_STANDARD_LIBRARIES = YES;
				BUNDLE_LOADER = "$(TEST_HOST)";
				CODE_SIGN_STYLE = Automatic;
				INFOPLIST_FILE = TestTests/Info.plist;
				LD_RUNPATH_SEARCH_PATHS = (
					"$(inherited)",
					"@executable_path/Frameworks",
					"@loader_path/Frameworks",
				);
				PRODUCT_BUNDLE_IDENTIFIER = com.globant.Demo.TestTests;
				PRODUCT_NAME = "$(TARGET_NAME)";
				SWIFT_VERSION = 4.2;
				TARGETED_DEVICE_FAMILY = "1,2";
				TEST_HOST = "$(BUILT_PRODUCTS_DIR)/Test.app/Test";
			};
			name = Release;
		};
/* End XCBuildConfiguration section */

/* Begin XCConfigurationList section */
		C7D1895821CA456F00BB4623 /* Build configuration list for PBXProject "Test" */ = {
			isa = XCConfigurationList;
			buildConfigurations = (
				C7D1897821CA457200BB4623 /* Debug */,
				C7D1897921CA457200BB4623 /* Release */,
			);
			defaultConfigurationIsVisible = 0;
			defaultConfigurationName = Release;
		};
		C7D1897A21CA457200BB4623 /* Build configuration list for PBXNativeTarget "Test" */ = {
			isa = XCConfigurationList;
			buildConfigurations = (
				C7D1897B21CA457200BB4623 /* Debug */,
				C7D1897C21CA457200BB4623 /* Release */,
			);
			defaultConfigurationIsVisible = 0;
			defaultConfigurationName = Release;
		};
		C7D1897D21CA457200BB4623 /* Build configuration list for PBXNativeTarget "TestTests" */ = {
			isa = XCConfigurationList;
			buildConfigurations = (
				C7D1897E21CA457200BB4623 /* Debug */,
				C7D1897F21CA457200BB4623 /* Release */,
			);
			defaultConfigurationIsVisible = 0;
			defaultConfigurationName = Release;
		};
/* End XCConfigurationList section */
	};
	rootObject = C7D1895521CA456F00BB4623 /* Project object */;
}
